
Microsoft Visual Studio Solution File, Format Version 12.00
# Visual Studio Version 17
VisualStudioVersion = 17.4.33213.308
MinimumVisualStudioVersion = 10.0.40219.1
Project("{FAE04EC0-301F-11D3-BF4B-00C04F79EFBC}") = "Generics", "Generics\Generics.csproj", "{EAFDFD5C-80B0-4D77-8A35-E5090EC7153A}"
EndProject
Global
	GlobalSection(SolutionConfigurationPlatforms) = preSolution
		Debug|Any CPU = Debug|Any CPU
		Release|Any CPU = Release|Any CPU
	EndGlobalSection
	GlobalSection(ProjectConfigurationPlatforms) = postSolution
		{EAFDFD5C-80B0-4D77-8A35-E5090EC7153A}.Debug|Any CPU.ActiveCfg = Debug|Any CPU
		{EAFDFD5C-80B0-4D77-8A35-E5090EC7153A}.Debug|Any CPU.Build.0 = Debug|Any CPU
		{EAFDFD5C-80B0-4D77-8A35-E5090EC7153A}.Release|Any CPU.ActiveCfg = Release|Any CPU
		{EAFDFD5C-80B0-4D77-8A35-E5090EC7153A}.Release|Any CPU.Build.0 = Release|Any CPU
	EndGlobalSection
	GlobalSection(SolutionProperties) = preSolution
		HideSolutionNode = FALSE
	EndGlobalSection
	GlobalSection(ExtensibilityGlobals) = postSolution
		SolutionGuid = {5CBBAA33-C288-4FC7-9A00-A5D1A47220EF}
	EndGlobalSection
EndGlobal
